
Microsoft Visual Studio Solution File, Format Version 12.00
Project("{FAE04EC0-301F-11D3-BF4B-00C04F79EFBC}") = "MauiApp3", "MauiApp3.csproj", "{AF2A6B99-7C6F-4A6E-ABF3-8C194C7B9C14}"
EndProject
Global
	GlobalSection(SolutionConfigurationPlatforms) = preSolution
		Debug|Any CPU = Debug|Any CPU
		Release|Any CPU = Release|Any CPU
	EndGlobalSection
	GlobalSection(ProjectConfigurationPlatforms) = postSolution
		{AF2A6B99-7C6F-4A6E-ABF3-8C194C7B9C14}.Debug|Any CPU.ActiveCfg = Debug|Any CPU
		{AF2A6B99-7C6F-4A6E-ABF3-8C194C7B9C14}.Debug|Any CPU.Build.0 = Debug|Any CPU
		{AF2A6B99-7C6F-4A6E-ABF3-8C194C7B9C14}.Release|Any CPU.ActiveCfg = Release|Any CPU
		{AF2A6B99-7C6F-4A6E-ABF3-8C194C7B9C14}.Release|Any CPU.Build.0 = Release|Any CPU
	EndGlobalSection
EndGlobal
